
Microsoft Visual Studio Solution File, Format Version 12.00
# Visual Studio Version 17
VisualStudioVersion = 17.9.34723.18
MinimumVisualStudioVersion = 10.0.40219.1
Project("{FAE04EC0-301F-11D3-BF4B-00C04F79EFBC}") = "problema1.6_REPOSITORY_Banco", "problema1.6_Banco\problema1.6_REPOSITORY_Banco.csproj", "{35E3CDBD-5C41-4511-B5A9-D061D9325F46}"
EndProject
Global
	GlobalSection(SolutionConfigurationPlatforms) = preSolution
		Debug|Any CPU = Debug|Any CPU
		Release|Any CPU = Release|Any CPU
	EndGlobalSection
	GlobalSection(ProjectConfigurationPlatforms) = postSolution
		{35E3CDBD-5C41-4511-B5A9-D061D9325F46}.Debug|Any CPU.ActiveCfg = Debug|Any CPU
		{35E3CDBD-5C41-4511-B5A9-D061D9325F46}.Debug|Any CPU.Build.0 = Debug|Any CPU
		{35E3CDBD-5C41-4511-B5A9-D061D9325F46}.Release|Any CPU.ActiveCfg = Release|Any CPU
		{35E3CDBD-5C41-4511-B5A9-D061D9325F46}.Release|Any CPU.Build.0 = Release|Any CPU
	EndGlobalSection
	GlobalSection(SolutionProperties) = preSolution
		HideSolutionNode = FALSE
	EndGlobalSection
	GlobalSection(ExtensibilityGlobals) = postSolution
		SolutionGuid = {80A710EA-4AF5-4107-9FF4-D636B6C55FEA}
	EndGlobalSection
EndGlobal
